
Microsoft Visual Studio Solution File, Format Version 12.00
# Visual Studio Version 16
VisualStudioVersion = 16.0.31105.61
MinimumVisualStudioVersion = 10.0.40219.1
Project("{FAE04EC0-301F-11D3-BF4B-00C04F79EFBC}") = "ConsolaRutaConsola", "ConsolaRutaConsola\ConsolaRutaConsola.csproj", "{34F0C5EC-1A60-42DC-8AE0-B7BCB9A0A6D6}"
EndProject
Global
	GlobalSection(SolutionConfigurationPlatforms) = preSolution
		Debug|Any CPU = Debug|Any CPU
		Release|Any CPU = Release|Any CPU
	EndGlobalSection
	GlobalSection(ProjectConfigurationPlatforms) = postSolution
		{34F0C5EC-1A60-42DC-8AE0-B7BCB9A0A6D6}.Debug|Any CPU.ActiveCfg = Debug|Any CPU
		{34F0C5EC-1A60-42DC-8AE0-B7BCB9A0A6D6}.Debug|Any CPU.Build.0 = Debug|Any CPU
		{34F0C5EC-1A60-42DC-8AE0-B7BCB9A0A6D6}.Release|Any CPU.ActiveCfg = Release|Any CPU
		{34F0C5EC-1A60-42DC-8AE0-B7BCB9A0A6D6}.Release|Any CPU.Build.0 = Release|Any CPU
	EndGlobalSection
	GlobalSection(SolutionProperties) = preSolution
		HideSolutionNode = FALSE
	EndGlobalSection
	GlobalSection(ExtensibilityGlobals) = postSolution
		SolutionGuid = {7DFAF89D-92BA-4F19-B031-CE12DEFBA164}
	EndGlobalSection
EndGlobal
